// !$*UTF8*$!
{
	archiveVersion = 1;
	classes = {
	};
	objectVersion = 50;
	objects = {

/* Begin PBXBuildFile section */
		321E969920F9F0F0009709E6 /* ModelData.swift in Sources */ = {isa = PBXBuildFile; fileRef = 321E969820F9F0F0009709E6 /* ModelData.swift */; };
		321E969B20F9F299009709E6 /* Data.swift in Sources */ = {isa = PBXBuildFile; fileRef = 321E969A20F9F299009709E6 /* Data.swift */; };
		321E969E20F9F4EA009709E6 /* Image.xcassets in Resources */ = {isa = PBXBuildFile; fileRef = 321E969D20F9F4EA009709E6 /* Image.xcassets */; };
		321E96A020F9F6AF009709E6 /* ViewController.swift in Sources */ = {isa = PBXBuildFile; fileRef = 321E969F20F9F6AF009709E6 /* ViewController.swift */; };
		321E96A220F9FA83009709E6 /* CharacterCell.swift in Sources */ = {isa = PBXBuildFile; fileRef = 321E96A120F9FA83009709E6 /* CharacterCell.swift */; };
		322A66F820F9EFB8002D47C8 /* AppDelegate.swift in Sources */ = {isa = PBXBuildFile; fileRef = 322A66F720F9EFB8002D47C8 /* AppDelegate.swift */; };
		322A66FD20F9EFB8002D47C8 /* Main.storyboard in Resources */ = {isa = PBXBuildFile; fileRef = 322A66FB20F9EFB8002D47C8 /* Main.storyboard */; };
		322A66FF20F9EFBA002D47C8 /* Assets.xcassets in Resources */ = {isa = PBXBuildFile; fileRef = 322A66FE20F9EFBA002D47C8 /* Assets.xcassets */; };
		322A670220F9EFBA002D47C8 /* LaunchScreen.storyboard in Resources */ = {isa = PBXBuildFile; fileRef = 322A670020F9EFBA002D47C8 /* LaunchScreen.storyboard */; };
/* End PBXBuildFile section */

/* Begin PBXFileReference section */
		321E969820F9F0F0009709E6 /* ModelData.swift */ = {isa = PBXFileReference; lastKnownFileType = sourcecode.swift; path = ModelData.swift; sourceTree = "<group>"; };
		321E969A20F9F299009709E6 /* Data.swift */ = {isa = PBXFileReference; lastKnownFileType = sourcecode.swift; path = Data.swift; sourceTree = "<group>"; };
		321E969D20F9F4EA009709E6 /* Image.xcassets */ = {isa = PBXFileReference; lastKnownFileType = folder.assetcatalog; path = Image.xcassets; sourceTree = "<group>"; };
		321E969F20F9F6AF009709E6 /* ViewController.swift */ = {isa = PBXFileReference; lastKnownFileType = sourcecode.swift; path = ViewController.swift; sourceTree = "<group>"; };
		321E96A120F9FA83009709E6 /* CharacterCell.swift */ = {isa = PBXFileReference; lastKnownFileType = sourcecode.swift; path = CharacterCell.swift; sourceTree = "<group>"; };
		322A66F420F9EFB8002D47C8 /* 深入DespatchQueue.app */ = {isa = PBXFileReference; explicitFileType = wrapper.application; includeInIndex = 0; path = "深入DespatchQueue.app"; sourceTree = BUILT_PRODUCTS_DIR; };
		322A66F720F9EFB8002D47C8 /* AppDelegate.swift */ = {isa = PBXFileReference; lastKnownFileType = sourcecode.swift; path = AppDelegate.swift; sourceTree = "<group>"; };
		322A66FC20F9EFB8002D47C8 /* Base */ = {isa = PBXFileReference; lastKnownFileType = file.storyboard; name = Base; path = Base.lproj/Main.storyboard; sourceTree = "<group>"; };
		322A66FE20F9EFBA002D47C8 /* Assets.xcassets */ = {isa = PBXFileReference; lastKnownFileType = folder.assetcatalog; path = Assets.xcassets; sourceTree = "<group>"; };
		322A670120F9EFBA002D47C8 /* Base */ = {isa = PBXFileReference; lastKnownFileType = file.storyboard; name = Base; path = Base.lproj/LaunchScreen.storyboard; sourceTree = "<group>"; };
		322A670320F9EFBA002D47C8 /* Info.plist */ = {isa = PBXFileReference; lastKnownFileType = text.plist.xml; path = Info.plist; sourceTree = "<group>"; };
/* End PBXFileReference section */

/* Begin PBXFrameworksBuildPhase section */
		322A66F120F9EFB8002D47C8 /* Frameworks */ = {
			isa = PBXFrameworksBuildPhase;
			buildActionMask = 2147483647;
			files = (
			);
			runOnlyForDeploymentPostprocessing = 0;
		};
/* End PBXFrameworksBuildPhase section */

/* Begin PBXGroup section */
		322A66EB20F9EFB8002D47C8 = {
			isa = PBXGroup;
			children = (
				321E969D20F9F4EA009709E6 /* Image.xcassets */,
				321E969F20F9F6AF009709E6 /* ViewController.swift */,
				321E969820F9F0F0009709E6 /* ModelData.swift */,
				321E969A20F9F299009709E6 /* Data.swift */,
				321E96A120F9FA83009709E6 /* CharacterCell.swift */,
				322A66F720F9EFB8002D47C8 /* AppDelegate.swift */,
				322A66FB20F9EFB8002D47C8 /* Main.storyboard */,
				322A66F620F9EFB8002D47C8 /* 深入DespatchQueue */,
				322A66F520F9EFB8002D47C8 /* Products */,
			);
			sourceTree = "<group>";
		};
		322A66F520F9EFB8002D47C8 /* Products */ = {
			isa = PBXGroup;
			children = (
				322A66F420F9EFB8002D47C8 /* 深入DespatchQueue.app */,
			);
			name = Products;
			sourceTree = "<group>";
		};
		322A66F620F9EFB8002D47C8 /* 深入DespatchQueue */ = {
			isa = PBXGroup;
			children = (
				322A66FE20F9EFBA002D47C8 /* Assets.xcassets */,
				322A670020F9EFBA002D47C8 /* LaunchScreen.storyboard */,
				322A670320F9EFBA002D47C8 /* Info.plist */,
			);
			path = "深入DespatchQueue";
			sourceTree = "<group>";
		};
/* End PBXGroup section */

/* Begin PBXNativeTarget section */
		322A66F320F9EFB8002D47C8 /* 深入DespatchQueue */ = {
			isa = PBXNativeTarget;
			buildConfigurationList = 322A670620F9EFBA002D47C8 /* Build configuration list for PBXNativeTarget "深入DespatchQueue" */;
			buildPhases = (
				322A66F020F9EFB8002D47C8 /* Sources */,
				322A66F120F9EFB8002D47C8 /* Frameworks */,
				322A66F220F9EFB8002D47C8 /* Resources */,
			);
			buildRules = (
			);
			dependencies = (
			);
			name = "深入DespatchQueue";
			productName = "深入DespatchQueue";
			productReference = 322A66F420F9EFB8002D47C8 /* 深入DespatchQueue.app */;
			productType = "com.apple.product-type.application";
		};
/* End PBXNativeTarget section */

/* Begin PBXProject section */
		322A66EC20F9EFB8002D47C8 /* Project object */ = {
			isa = PBXProject;
			attributes = {
				LastSwiftUpdateCheck = 0940;
				LastUpgradeCheck = 0940;
				ORGANIZATIONNAME = DanStenLee;
				TargetAttributes = {
					322A66F320F9EFB8002D47C8 = {
						CreatedOnToolsVersion = 9.4.1;
					};
				};
			};
			buildConfigurationList = 322A66EF20F9EFB8002D47C8 /* Build configuration list for PBXProject "深入DespatchQueue" */;
			compatibilityVersion = "Xcode 9.3";
			developmentRegion = en;
			hasScannedForEncodings = 0;
			knownRegions = (
				en,
				Base,
			);
			mainGroup = 322A66EB20F9EFB8002D47C8;
			productRefGroup = 322A66F520F9EFB8002D47C8 /* Products */;
			projectDirPath = "";
			projectRoot = "";
			targets = (
				322A66F320F9EFB8002D47C8 /* 深入DespatchQueue */,
			);
		};
/* End PBXProject section */

/* Begin PBXResourcesBuildPhase section */
		322A66F220F9EFB8002D47C8 /* Resources */ = {
			isa = PBXResourcesBuildPhase;
			buildActionMask = 2147483647;
			files = (
				322A670220F9EFBA002D47C8 /* LaunchScreen.storyboard in Resources */,
				321E969E20F9F4EA009709E6 /* Image.xcassets in Resources */,
				322A66FF20F9EFBA002D47C8 /* Assets.xcassets in Resources */,
				322A66FD20F9EFB8002D47C8 /* Main.storyboard in Resources */,
			);
			runOnlyForDeploymentPostprocessing = 0;
		};
/* End PBXResourcesBuildPhase section */

/* Begin PBXSourcesBuildPhase section */
		322A66F020F9EFB8002D47C8 /* Sources */ = {
			isa = PBXSourcesBuildPhase;
			buildActionMask = 2147483647;
			files = (
				321E96A220F9FA83009709E6 /* CharacterCell.swift in Sources */,
				321E969920F9F0F0009709E6 /* ModelData.swift in Sources */,
				322A66F820F9EFB8002D47C8 /* AppDelegate.swift in Sources */,
				321E96A020F9F6AF009709E6 /* ViewController.swift in Sources */,
				321E969B20F9F299009709E6 /* Data.swift in Sources */,
			);
			runOnlyForDeploymentPostprocessing = 0;
		};
/* End PBXSourcesBuildPhase section */

/* Begin PBXVariantGroup section */
		322A66FB20F9EFB8002D47C8 /* Main.storyboard */ = {
			isa = PBXVariantGroup;
			children = (
				322A66FC20F9EFB8002D47C8 /* Base */,
			);
			name = Main.storyboard;
			sourceTree = "<group>";
		};
		322A670020F9EFBA002D47C8 /* LaunchScreen.storyboard */ = {
			isa = PBXVariantGroup;
			children = (
				322A670120F9EFBA002D47C8 /* Base */,
			);
			name = LaunchScreen.storyboard;
			sourceTree = "<group>";
		};
/* End PBXVariantGroup section */

/* Begin XCBuildConfiguration section */
		322A670420F9EFBA002D47C8 /* Debug */ = {
			isa = XCBuildConfiguration;
			buildSettings = {
				ALWAYS_SEARCH_USER_PATHS = NO;
				CLANG_ANALYZER_NONNULL = YES;
				CLANG_ANALYZER_NUMBER_OBJECT_CONVERSION = YES_AGGRESSIVE;
				CLANG_CXX_LANGUAGE_STANDARD = "gnu++14";
				CLANG_CXX_LIBRARY = "libc++";
				CLANG_ENABLE_MODULES = YES;
				CLANG_ENABLE_OBJC_ARC = YES;
				CLANG_ENABLE_OBJC_WEAK = YES;
				CLANG_WARN_BLOCK_CAPTURE_AUTORELEASING = YES;
				CLANG_WARN_BOOL_CONVERSION = YES;
				CLANG_WARN_COMMA = YES;
				CLANG_WARN_CONSTANT_CONVERSION = YES;
				CLANG_WARN_DEPRECATED_OBJC_IMPLEMENTATIONS = YES;
				CLANG_WARN_DIRECT_OBJC_ISA_USAGE = YES_ERROR;
				CLANG_WARN_DOCUMENTATION_COMMENTS = YES;
				CLANG_WARN_EMPTY_BODY = YES;
				CLANG_WARN_ENUM_CONVERSION = YES;
				CLANG_WARN_INFINITE_RECURSION = YES;
				CLANG_WARN_INT_CONVERSION = YES;
				CLANG_WARN_NON_LITERAL_NULL_CONVERSION = YES;
				CLANG_WARN_OBJC_IMPLICIT_RETAIN_SELF = YES;
				CLANG_WARN_OBJC_LITERAL_CONVERSION = YES;
				CLANG_WARN_OBJC_ROOT_CLASS = YES_ERROR;
				CLANG_WARN_RANGE_LOOP_ANALYSIS = YES;
				CLANG_WARN_STRICT_PROTOTYPES = YES;
				CLANG_WARN_SUSPICIOUS_MOVE = YES;
				CLANG_WARN_UNGUARDED_AVAILABILITY = YES_AGGRESSIVE;
				CLANG_WARN_UNREACHABLE_CODE = YES;
				CLANG_WARN__DUPLICATE_METHOD_MATCH = YES;
				CODE_SIGN_IDENTITY = "iPhone Developer";
				COPY_PHASE_STRIP = NO;
				DEBUG_INFORMATION_FORMAT = dwarf;
				ENABLE_STRICT_OBJC_MSGSEND = YES;
				ENABLE_TESTABILITY = YES;
				GCC_C_LANGUAGE_STANDARD = gnu11;
				GCC_DYNAMIC_NO_PIC = NO;
				GCC_NO_COMMON_BLOCKS = YES;
				GCC_OPTIMIZATION_LEVEL = 0;
				GCC_PREPROCESSOR_DEFINITIONS = (
					"DEBUG=1",
					"$(inherited)",
				);
				GCC_WARN_64_TO_32_BIT_CONVERSION = YES;
				GCC_WARN_ABOUT_RETURN_TYPE = YES_ERROR;
				GCC_WARN_UNDECLARED_SELECTOR = YES;
				GCC_WARN_UNINITIALIZED_AUTOS = YES_AGGRESSIVE;
				GCC_WARN_UNUSED_FUNCTION = YES;
				GCC_WARN_UNUSED_VARIABLE = YES;
				IPHONEOS_DEPLOYMENT_TARGET = 11.4;
				MTL_ENABLE_DEBUG_INFO = YES;
				ONLY_ACTIVE_ARCH = YES;
				SDKROOT = iphoneos;
				SWIFT_ACTIVE_COMPILATION_CONDITIONS = DEBUG;
				SWIFT_OPTIMIZATION_LEVEL = "-Onone";
			};
			name = Debug;
		};
		322A670520F9EFBA002D47C8 /* Release */ = {
			isa = XCBuildConfiguration;
			buildSettings = {
				ALWAYS_SEARCH_USER_PATHS = NO;
				CLANG_ANALYZER_NONNULL = YES;
				CLANG_ANALYZER_NUMBER_OBJECT_CONVERSION = YES_AGGRESSIVE;
				CLANG_CXX_LANGUAGE_STANDARD = "gnu++14";
				CLANG_CXX_LIBRARY = "libc++";
				CLANG_ENABLE_MODULES = YES;
				CLANG_ENABLE_OBJC_ARC = YES;
				CLANG_ENABLE_OBJC_WEAK = YES;
				CLANG_WARN_BLOCK_CAPTURE_AUTORELEASING = YES;
				CLANG_WARN_BOOL_CONVERSION = YES;
				CLANG_WARN_COMMA = YES;
				CLANG_WARN_CONSTANT_CONVERSION = YES;
				CLANG_WARN_DEPRECATED_OBJC_IMPLEMENTATIONS = YES;
				CLANG_WARN_DIRECT_OBJC_ISA_USAGE = YES_ERROR;
				CLANG_WARN_DOCUMENTATION_COMMENTS = YES;
				CLANG_WARN_EMPTY_BODY = YES;
				CLANG_WARN_ENUM_CONVERSION = YES;
				CLANG_WARN_INFINITE_RECURSION = YES;
				CLANG_WARN_INT_CONVERSION = YES;
				CLANG_WARN_NON_LITERAL_NULL_CONVERSION = YES;
				CLANG_WARN_OBJC_IMPLICIT_RETAIN_SELF = YES;
				CLANG_WARN_OBJC_LITERAL_CONVERSION = YES;
				CLANG_WARN_OBJC_ROOT_CLASS = YES_ERROR;
				CLANG_WARN_RANGE_LOOP_ANALYSIS = YES;
				CLANG_WARN_STRICT_PROTOTYPES = YES;
				CLANG_WARN_SUSPICIOUS_MOVE = YES;
				CLANG_WARN_UNGUARDED_AVAILABILITY = YES_AGGRESSIVE;
				CLANG_WARN_UNREACHABLE_CODE = YES;
				CLANG_WARN__DUPLICATE_METHOD_MATCH = YES;
				CODE_SIGN_IDENTITY = "iPhone Developer";
				COPY_PHASE_STRIP = NO;
				DEBUG_INFORMATION_FORMAT = "dwarf-with-dsym";
				ENABLE_NS_ASSERTIONS = NO;
				ENABLE_STRICT_OBJC_MSGSEND = YES;
				GCC_C_LANGUAGE_STANDARD = gnu11;
				GCC_NO_COMMON_BLOCKS = YES;
				GCC_WARN_64_TO_32_BIT_CONVERSION = YES;
				GCC_WARN_ABOUT_RETURN_TYPE = YES_ERROR;
				GCC_WARN_UNDECLARED_SELECTOR = YES;
				GCC_WARN_UNINITIALIZED_AUTOS = YES_AGGRESSIVE;
				GCC_WARN_UNUSED_FUNCTION = YES;
				GCC_WARN_UNUSED_VARIABLE = YES;
				IPHONEOS_DEPLOYMENT_TARGET = 11.4;
				MTL_ENABLE_DEBUG_INFO = NO;
				SDKROOT = iphoneos;
				SWIFT_COMPILATION_MODE = wholemodule;
				SWIFT_OPTIMIZATION_LEVEL = "-O";
				VALIDATE_PRODUCT = YES;
			};
			name = Release;
		};
		322A670720F9EFBA002D47C8 /* Debug */ = {
			isa = XCBuildConfiguration;
			buildSettings = {
				ASSETCATALOG_COMPILER_APPICON_NAME = AppIcon;
				CODE_SIGN_STYLE = Automatic;
				DEVELOPMENT_TEAM = R9JTLA9B26;
				INFOPLIST_FILE = "深入DespatchQueue/Info.plist";
				LD_RUNPATH_SEARCH_PATHS = (
					"$(inherited)",
					"@executable_path/Frameworks",
				);
				PRODUCT_BUNDLE_IDENTIFIER = "de.StenLee.--DespatchQueue";
				PRODUCT_NAME = "$(TARGET_NAME)";
				SWIFT_VERSION = 4.0;
				TARGETED_DEVICE_FAMILY = "1,2";
			};
			name = Debug;
		};
		322A670820F9EFBA002D47C8 /* Release */ = {
			isa = XCBuildConfiguration;
			buildSettings = {
				ASSETCATALOG_COMPILER_APPICON_NAME = AppIcon;
				CODE_SIGN_STYLE = Automatic;
				DEVELOPMENT_TEAM = R9JTLA9B26;
				INFOPLIST_FILE = "深入DespatchQueue/Info.plist";
				LD_RUNPATH_SEARCH_PATHS = (
					"$(inherited)",
					"@executable_path/Frameworks",
				);
				PRODUCT_BUNDLE_IDENTIFIER = "de.StenLee.--DespatchQueue";
				PRODUCT_NAME = "$(TARGET_NAME)";
				SWIFT_VERSION = 4.0;
				TARGETED_DEVICE_FAMILY = "1,2";
			};
			name = Release;
		};
/* End XCBuildConfiguration section */

/* Begin XCConfigurationList section */
		322A66EF20F9EFB8002D47C8 /* Build configuration list for PBXProject "深入DespatchQueue" */ = {
			isa = XCConfigurationList;
			buildConfigurations = (
				322A670420F9EFBA002D47C8 /* Debug */,
				322A670520F9EFBA002D47C8 /* Release */,
			);
			defaultConfigurationIsVisible = 0;
			defaultConfigurationName = Release;
		};
		322A670620F9EFBA002D47C8 /* Build configuration list for PBXNativeTarget "深入DespatchQueue" */ = {
			isa = XCConfigurationList;
			buildConfigurations = (
				322A670720F9EFBA002D47C8 /* Debug */,
				322A670820F9EFBA002D47C8 /* Release */,
			);
			defaultConfigurationIsVisible = 0;
			defaultConfigurationName = Release;
		};
/* End XCConfigurationList section */
	};
	rootObject = 322A66EC20F9EFB8002D47C8 /* Project object */;
}
